
Microsoft Visual Studio Solution File, Format Version 12.00
# Visual Studio Version 17
VisualStudioVersion = 17.8.34322.80
MinimumVisualStudioVersion = 10.0.40219.1
Project("{FAE04EC0-301F-11D3-BF4B-00C04F79EFBC}") = "Module_PZ_3", "Module_PZ_3\Module_PZ_3.csproj", "{CAAB0761-41C9-4CCB-95F4-9C28DD035911}"
EndProject
Global
	GlobalSection(SolutionConfigurationPlatforms) = preSolution
		Debug|Any CPU = Debug|Any CPU
		Release|Any CPU = Release|Any CPU
	EndGlobalSection
	GlobalSection(ProjectConfigurationPlatforms) = postSolution
		{CAAB0761-41C9-4CCB-95F4-9C28DD035911}.Debug|Any CPU.ActiveCfg = Debug|Any CPU
		{CAAB0761-41C9-4CCB-95F4-9C28DD035911}.Debug|Any CPU.Build.0 = Debug|Any CPU
		{CAAB0761-41C9-4CCB-95F4-9C28DD035911}.Release|Any CPU.ActiveCfg = Release|Any CPU
		{CAAB0761-41C9-4CCB-95F4-9C28DD035911}.Release|Any CPU.Build.0 = Release|Any CPU
	EndGlobalSection
	GlobalSection(SolutionProperties) = preSolution
		HideSolutionNode = FALSE
	EndGlobalSection
	GlobalSection(ExtensibilityGlobals) = postSolution
		SolutionGuid = {689EBBE8-FC20-4257-8E5D-CACD9148F873}
	EndGlobalSection
EndGlobal
